// !$*UTF8*$!
{
	archiveVersion = 1;
	classes = {
	};
	objectVersion = 46;
	objects = {

/* Begin PBXBuildFile section */
		9E127D731D918B0B0086B7C3 /* StudentListPopover.swift in Sources */ = {isa = PBXBuildFile; fileRef = 9E127D721D918B0B0086B7C3 /* StudentListPopover.swift */; };
		9E127D751D918BBF0086B7C3 /* StudentCollectionViewController.swift in Sources */ = {isa = PBXBuildFile; fileRef = 9E127D741D918BBF0086B7C3 /* StudentCollectionViewController.swift */; };
		9E13B2841DABD346007622D4 /* EnterPasswordViewController.swift in Sources */ = {isa = PBXBuildFile; fileRef = 9E13B2831DABD346007622D4 /* EnterPasswordViewController.swift */; };
		9E3FD5021DB2E4A300CC2C41 /* EditNameViewController.swift in Sources */ = {isa = PBXBuildFile; fileRef = 9E3FD5011DB2E4A300CC2C41 /* EditNameViewController.swift */; };
		9E55B5751DD623B100934E86 /* SaveContentViewController.swift in Sources */ = {isa = PBXBuildFile; fileRef = 9E55B5741DD623B100934E86 /* SaveContentViewController.swift */; };
		9E5A91101DAD3F3600980511 /* EditPasswordViewController.swift in Sources */ = {isa = PBXBuildFile; fileRef = 9E5A910F1DAD3F3600980511 /* EditPasswordViewController.swift */; };
		9E975C521DB5194900C3BA8D /* SetTimerViewController.swift in Sources */ = {isa = PBXBuildFile; fileRef = 9E975C511DB5194900C3BA8D /* SetTimerViewController.swift */; };
		9EB4F4BB1D8E120500E81C74 /* AppDelegate.swift in Sources */ = {isa = PBXBuildFile; fileRef = 9EB4F4BA1D8E120500E81C74 /* AppDelegate.swift */; };
		9EB4F4BD1D8E120500E81C74 /* HomeViewController.swift in Sources */ = {isa = PBXBuildFile; fileRef = 9EB4F4BC1D8E120500E81C74 /* HomeViewController.swift */; };
		9EB4F4C21D8E120500E81C74 /* Assets.xcassets in Resources */ = {isa = PBXBuildFile; fileRef = 9EB4F4C11D8E120500E81C74 /* Assets.xcassets */; };
		9EB4F4C51D8E120500E81C74 /* LaunchScreen.storyboard in Resources */ = {isa = PBXBuildFile; fileRef = 9EB4F4C31D8E120500E81C74 /* LaunchScreen.storyboard */; };
		9EB4F4CD1D8E129A00E81C74 /* CoreDataStack.swift in Sources */ = {isa = PBXBuildFile; fileRef = 9EB4F4CC1D8E129A00E81C74 /* CoreDataStack.swift */; };
		9EB4F4D01D8E131D00E81C74 /* DataModel.xcdatamodeld in Sources */ = {isa = PBXBuildFile; fileRef = 9EB4F4CE1D8E131D00E81C74 /* DataModel.xcdatamodeld */; };
		9EBBCC3A1D90309900A6099A /* TeacherCollectionViewController.swift in Sources */ = {isa = PBXBuildFile; fileRef = 9EBBCC391D90309900A6099A /* TeacherCollectionViewController.swift */; };
		9EC5E9AC1DC188EF009E6D97 /* Content+CoreDataClass.swift in Sources */ = {isa = PBXBuildFile; fileRef = 9EC5E9A81DC188EF009E6D97 /* Content+CoreDataClass.swift */; };
		9EC5E9AD1DC188EF009E6D97 /* Content+CoreDataProperties.swift in Sources */ = {isa = PBXBuildFile; fileRef = 9EC5E9A91DC188EF009E6D97 /* Content+CoreDataProperties.swift */; };
		9EC5E9AE1DC188EF009E6D97 /* Student+CoreDataClass.swift in Sources */ = {isa = PBXBuildFile; fileRef = 9EC5E9AA1DC188EF009E6D97 /* Student+CoreDataClass.swift */; };
		9EC5E9AF1DC188EF009E6D97 /* Student+CoreDataProperties.swift in Sources */ = {isa = PBXBuildFile; fileRef = 9EC5E9AB1DC188EF009E6D97 /* Student+CoreDataProperties.swift */; };
		9ED0BDDB1DA3F24C00A8A47B /* CreatePasswordViewController.swift in Sources */ = {isa = PBXBuildFile; fileRef = 9ED0BDDA1DA3F24C00A8A47B /* CreatePasswordViewController.swift */; };
		9EE2E7361D8EE35100B3D53F /* StudentListViewController.swift in Sources */ = {isa = PBXBuildFile; fileRef = 9EE2E7351D8EE35100B3D53F /* StudentListViewController.swift */; };
		9EE2E7381D8EE8E100B3D53F /* CreateStudentViewController.swift in Sources */ = {isa = PBXBuildFile; fileRef = 9EE2E7371D8EE8E100B3D53F /* CreateStudentViewController.swift */; };
		9EFE8CC11DBBF3CF00AA57EF /* GetWebContentViewController.swift in Sources */ = {isa = PBXBuildFile; fileRef = 9EFE8CC01DBBF3CF00AA57EF /* GetWebContentViewController.swift */; };
/* End PBXBuildFile section */

/* Begin PBXFileReference section */
		9E127D721D918B0B0086B7C3 /* StudentListPopover.swift */ = {isa = PBXFileReference; fileEncoding = 4; lastKnownFileType = sourcecode.swift; path = StudentListPopover.swift; sourceTree = "<group>"; };
		9E127D741D918BBF0086B7C3 /* StudentCollectionViewController.swift */ = {isa = PBXFileReference; fileEncoding = 4; lastKnownFileType = sourcecode.swift; path = StudentCollectionViewController.swift; sourceTree = "<group>"; };
		9E13B2831DABD346007622D4 /* EnterPasswordViewController.swift */ = {isa = PBXFileReference; fileEncoding = 4; lastKnownFileType = sourcecode.swift; path = EnterPasswordViewController.swift; sourceTree = "<group>"; };
		9E3FD5011DB2E4A300CC2C41 /* EditNameViewController.swift */ = {isa = PBXFileReference; fileEncoding = 4; lastKnownFileType = sourcecode.swift; path = EditNameViewController.swift; sourceTree = "<group>"; };
		9E55B5741DD623B100934E86 /* SaveContentViewController.swift */ = {isa = PBXFileReference; fileEncoding = 4; lastKnownFileType = sourcecode.swift; path = SaveContentViewController.swift; sourceTree = "<group>"; };
		9E5A910F1DAD3F3600980511 /* EditPasswordViewController.swift */ = {isa = PBXFileReference; fileEncoding = 4; lastKnownFileType = sourcecode.swift; path = EditPasswordViewController.swift; sourceTree = "<group>"; };
		9E975C511DB5194900C3BA8D /* SetTimerViewController.swift */ = {isa = PBXFileReference; fileEncoding = 4; lastKnownFileType = sourcecode.swift; path = SetTimerViewController.swift; sourceTree = "<group>"; };
		9EB4F4B71D8E120500E81C74 /* EnthusiasmsApp.app */ = {isa = PBXFileReference; explicitFileType = wrapper.application; includeInIndex = 0; path = EnthusiasmsApp.app; sourceTree = BUILT_PRODUCTS_DIR; };
		9EB4F4BA1D8E120500E81C74 /* AppDelegate.swift */ = {isa = PBXFileReference; lastKnownFileType = sourcecode.swift; path = AppDelegate.swift; sourceTree = "<group>"; };
		9EB4F4BC1D8E120500E81C74 /* HomeViewController.swift */ = {isa = PBXFileReference; lastKnownFileType = sourcecode.swift; path = HomeViewController.swift; sourceTree = "<group>"; };
		9EB4F4C11D8E120500E81C74 /* Assets.xcassets */ = {isa = PBXFileReference; lastKnownFileType = folder.assetcatalog; path = Assets.xcassets; sourceTree = "<group>"; };
		9EB4F4C41D8E120500E81C74 /* Base */ = {isa = PBXFileReference; lastKnownFileType = file.storyboard; name = Base; path = Base.lproj/LaunchScreen.storyboard; sourceTree = "<group>"; };
		9EB4F4C61D8E120500E81C74 /* Info.plist */ = {isa = PBXFileReference; lastKnownFileType = text.plist.xml; path = Info.plist; sourceTree = "<group>"; };
		9EB4F4CC1D8E129A00E81C74 /* CoreDataStack.swift */ = {isa = PBXFileReference; fileEncoding = 4; lastKnownFileType = sourcecode.swift; name = CoreDataStack.swift; path = EnthusiasmsApp/CoreDataStack.swift; sourceTree = "<group>"; };
		9EB4F4CF1D8E131D00E81C74 /* DataModel.xcdatamodel */ = {isa = PBXFileReference; lastKnownFileType = wrapper.xcdatamodel; path = DataModel.xcdatamodel; sourceTree = "<group>"; };
		9EBBCC391D90309900A6099A /* TeacherCollectionViewController.swift */ = {isa = PBXFileReference; fileEncoding = 4; lastKnownFileType = sourcecode.swift; path = TeacherCollectionViewController.swift; sourceTree = "<group>"; };
		9EC5E9A81DC188EF009E6D97 /* Content+CoreDataClass.swift */ = {isa = PBXFileReference; fileEncoding = 4; lastKnownFileType = sourcecode.swift; path = "Content+CoreDataClass.swift"; sourceTree = "<group>"; };
		9EC5E9A91DC188EF009E6D97 /* Content+CoreDataProperties.swift */ = {isa = PBXFileReference; fileEncoding = 4; lastKnownFileType = sourcecode.swift; path = "Content+CoreDataProperties.swift"; sourceTree = "<group>"; };
		9EC5E9AA1DC188EF009E6D97 /* Student+CoreDataClass.swift */ = {isa = PBXFileReference; fileEncoding = 4; lastKnownFileType = sourcecode.swift; path = "Student+CoreDataClass.swift"; sourceTree = "<group>"; };
		9EC5E9AB1DC188EF009E6D97 /* Student+CoreDataProperties.swift */ = {isa = PBXFileReference; fileEncoding = 4; lastKnownFileType = sourcecode.swift; path = "Student+CoreDataProperties.swift"; sourceTree = "<group>"; };
		9ED0BDDA1DA3F24C00A8A47B /* CreatePasswordViewController.swift */ = {isa = PBXFileReference; fileEncoding = 4; lastKnownFileType = sourcecode.swift; path = CreatePasswordViewController.swift; sourceTree = "<group>"; };
		9EE2E7351D8EE35100B3D53F /* StudentListViewController.swift */ = {isa = PBXFileReference; fileEncoding = 4; lastKnownFileType = sourcecode.swift; path = StudentListViewController.swift; sourceTree = "<group>"; };
		9EE2E7371D8EE8E100B3D53F /* CreateStudentViewController.swift */ = {isa = PBXFileReference; fileEncoding = 4; lastKnownFileType = sourcecode.swift; path = CreateStudentViewController.swift; sourceTree = "<group>"; };
		9EFE8CC01DBBF3CF00AA57EF /* GetWebContentViewController.swift */ = {isa = PBXFileReference; fileEncoding = 4; lastKnownFileType = sourcecode.swift; path = GetWebContentViewController.swift; sourceTree = "<group>"; };
/* End PBXFileReference section */

/* Begin PBXFrameworksBuildPhase section */
		9EB4F4B41D8E120500E81C74 /* Frameworks */ = {
			isa = PBXFrameworksBuildPhase;
			buildActionMask = 2147483647;
			files = (
			);
			runOnlyForDeploymentPostprocessing = 0;
		};
/* End PBXFrameworksBuildPhase section */

/* Begin PBXGroup section */
		9E5EC2161D90CDB40014FC35 /* CoreData */ = {
			isa = PBXGroup;
			children = (
				9EB4F4CC1D8E129A00E81C74 /* CoreDataStack.swift */,
				9EC5E9A81DC188EF009E6D97 /* Content+CoreDataClass.swift */,
				9EC5E9A91DC188EF009E6D97 /* Content+CoreDataProperties.swift */,
				9EC5E9AA1DC188EF009E6D97 /* Student+CoreDataClass.swift */,
				9EC5E9AB1DC188EF009E6D97 /* Student+CoreDataProperties.swift */,
			);
			name = CoreData;
			path = ..;
			sourceTree = "<group>";
		};
		9EB4F4AE1D8E120500E81C74 = {
			isa = PBXGroup;
			children = (
				9EB4F4B91D8E120500E81C74 /* EnthusiasmsApp */,
				9EB4F4B81D8E120500E81C74 /* Products */,
			);
			sourceTree = "<group>";
		};
		9EB4F4B81D8E120500E81C74 /* Products */ = {
			isa = PBXGroup;
			children = (
				9EB4F4B71D8E120500E81C74 /* EnthusiasmsApp.app */,
			);
			name = Products;
			sourceTree = "<group>";
		};
		9EB4F4B91D8E120500E81C74 /* EnthusiasmsApp */ = {
			isa = PBXGroup;
			children = (
				9E5EC2161D90CDB40014FC35 /* CoreData */,
				9EB4F4BA1D8E120500E81C74 /* AppDelegate.swift */,
				9ED0BDDA1DA3F24C00A8A47B /* CreatePasswordViewController.swift */,
				9E13B2831DABD346007622D4 /* EnterPasswordViewController.swift */,
				9EB4F4BC1D8E120500E81C74 /* HomeViewController.swift */,
				9E127D721D918B0B0086B7C3 /* StudentListPopover.swift */,
				9E975C511DB5194900C3BA8D /* SetTimerViewController.swift */,
				9EE2E7351D8EE35100B3D53F /* StudentListViewController.swift */,
				9E5A910F1DAD3F3600980511 /* EditPasswordViewController.swift */,
				9EE2E7371D8EE8E100B3D53F /* CreateStudentViewController.swift */,
				9EBBCC391D90309900A6099A /* TeacherCollectionViewController.swift */,
				9E3FD5011DB2E4A300CC2C41 /* EditNameViewController.swift */,
				9E127D741D918BBF0086B7C3 /* StudentCollectionViewController.swift */,
				9EFE8CC01DBBF3CF00AA57EF /* GetWebContentViewController.swift */,
				9E55B5741DD623B100934E86 /* SaveContentViewController.swift */,
				9EB4F4C11D8E120500E81C74 /* Assets.xcassets */,
				9EB4F4C31D8E120500E81C74 /* LaunchScreen.storyboard */,
				9EB4F4C61D8E120500E81C74 /* Info.plist */,
				9EB4F4CE1D8E131D00E81C74 /* DataModel.xcdatamodeld */,
			);
			path = EnthusiasmsApp;
			sourceTree = "<group>";
		};
/* End PBXGroup section */

/* Begin PBXNativeTarget section */
		9EB4F4B61D8E120500E81C74 /* EnthusiasmsApp */ = {
			isa = PBXNativeTarget;
			buildConfigurationList = 9EB4F4C91D8E120500E81C74 /* Build configuration list for PBXNativeTarget "EnthusiasmsApp" */;
			buildPhases = (
				9EB4F4B31D8E120500E81C74 /* Sources */,
				9EB4F4B41D8E120500E81C74 /* Frameworks */,
				9EB4F4B51D8E120500E81C74 /* Resources */,
			);
			buildRules = (
			);
			dependencies = (
			);
			name = EnthusiasmsApp;
			productName = EnthusiasmsApp;
			productReference = 9EB4F4B71D8E120500E81C74 /* EnthusiasmsApp.app */;
			productType = "com.apple.product-type.application";
		};
/* End PBXNativeTarget section */

/* Begin PBXProject section */
		9EB4F4AF1D8E120500E81C74 /* Project object */ = {
			isa = PBXProject;
			attributes = {
				LastSwiftUpdateCheck = 0800;
				LastUpgradeCheck = 0810;
				ORGANIZATIONNAME = JoLingenfelter;
				TargetAttributes = {
					9EB4F4B61D8E120500E81C74 = {
						CreatedOnToolsVersion = 8.0;
						ProvisioningStyle = Automatic;
					};
				};
			};
			buildConfigurationList = 9EB4F4B21D8E120500E81C74 /* Build configuration list for PBXProject "EnthusiasmsApp" */;
			compatibilityVersion = "Xcode 3.2";
			developmentRegion = English;
			hasScannedForEncodings = 0;
			knownRegions = (
				en,
				Base,
			);
			mainGroup = 9EB4F4AE1D8E120500E81C74;
			productRefGroup = 9EB4F4B81D8E120500E81C74 /* Products */;
			projectDirPath = "";
			projectRoot = "";
			targets = (
				9EB4F4B61D8E120500E81C74 /* EnthusiasmsApp */,
			);
		};
/* End PBXProject section */

/* Begin PBXResourcesBuildPhase section */
		9EB4F4B51D8E120500E81C74 /* Resources */ = {
			isa = PBXResourcesBuildPhase;
			buildActionMask = 2147483647;
			files = (
				9EB4F4C51D8E120500E81C74 /* LaunchScreen.storyboard in Resources */,
				9EB4F4C21D8E120500E81C74 /* Assets.xcassets in Resources */,
			);
			runOnlyForDeploymentPostprocessing = 0;
		};
/* End PBXResourcesBuildPhase section */

/* Begin PBXSourcesBuildPhase section */
		9EB4F4B31D8E120500E81C74 /* Sources */ = {
			isa = PBXSourcesBuildPhase;
			buildActionMask = 2147483647;
			files = (
				9EB4F4CD1D8E129A00E81C74 /* CoreDataStack.swift in Sources */,
				9EE2E7361D8EE35100B3D53F /* StudentListViewController.swift in Sources */,
				9EB4F4D01D8E131D00E81C74 /* DataModel.xcdatamodeld in Sources */,
				9E55B5751DD623B100934E86 /* SaveContentViewController.swift in Sources */,
				9E975C521DB5194900C3BA8D /* SetTimerViewController.swift in Sources */,
				9E13B2841DABD346007622D4 /* EnterPasswordViewController.swift in Sources */,
				9EC5E9AF1DC188EF009E6D97 /* Student+CoreDataProperties.swift in Sources */,
				9EC5E9AC1DC188EF009E6D97 /* Content+CoreDataClass.swift in Sources */,
				9EFE8CC11DBBF3CF00AA57EF /* GetWebContentViewController.swift in Sources */,
				9EC5E9AE1DC188EF009E6D97 /* Student+CoreDataClass.swift in Sources */,
				9E5A91101DAD3F3600980511 /* EditPasswordViewController.swift in Sources */,
				9ED0BDDB1DA3F24C00A8A47B /* CreatePasswordViewController.swift in Sources */,
				9E127D731D918B0B0086B7C3 /* StudentListPopover.swift in Sources */,
				9EBBCC3A1D90309900A6099A /* TeacherCollectionViewController.swift in Sources */,
				9E3FD5021DB2E4A300CC2C41 /* EditNameViewController.swift in Sources */,
				9EC5E9AD1DC188EF009E6D97 /* Content+CoreDataProperties.swift in Sources */,
				9EB4F4BD1D8E120500E81C74 /* HomeViewController.swift in Sources */,
				9EB4F4BB1D8E120500E81C74 /* AppDelegate.swift in Sources */,
				9EE2E7381D8EE8E100B3D53F /* CreateStudentViewController.swift in Sources */,
				9E127D751D918BBF0086B7C3 /* StudentCollectionViewController.swift in Sources */,
			);
			runOnlyForDeploymentPostprocessing = 0;
		};
/* End PBXSourcesBuildPhase section */

/* Begin PBXVariantGroup section */
		9EB4F4C31D8E120500E81C74 /* LaunchScreen.storyboard */ = {
			isa = PBXVariantGroup;
			children = (
				9EB4F4C41D8E120500E81C74 /* Base */,
			);
			name = LaunchScreen.storyboard;
			sourceTree = "<group>";
		};
/* End PBXVariantGroup section */

/* Begin XCBuildConfiguration section */
		9EB4F4C71D8E120500E81C74 /* Debug */ = {
			isa = XCBuildConfiguration;
			buildSettings = {
				ALWAYS_SEARCH_USER_PATHS = NO;
				CLANG_ANALYZER_NONNULL = YES;
				CLANG_CXX_LANGUAGE_STANDARD = "gnu++0x";
				CLANG_CXX_LIBRARY = "libc++";
				CLANG_ENABLE_MODULES = YES;
				CLANG_ENABLE_OBJC_ARC = YES;
				CLANG_WARN_BOOL_CONVERSION = YES;
				CLANG_WARN_CONSTANT_CONVERSION = YES;
				CLANG_WARN_DIRECT_OBJC_ISA_USAGE = YES_ERROR;
				CLANG_WARN_DOCUMENTATION_COMMENTS = YES;
				CLANG_WARN_EMPTY_BODY = YES;
				CLANG_WARN_ENUM_CONVERSION = YES;
				CLANG_WARN_INFINITE_RECURSION = YES;
				CLANG_WARN_INT_CONVERSION = YES;
				CLANG_WARN_OBJC_ROOT_CLASS = YES_ERROR;
				CLANG_WARN_SUSPICIOUS_MOVE = YES;
				CLANG_WARN_SUSPICIOUS_MOVES = YES;
				CLANG_WARN_UNREACHABLE_CODE = YES;
				CLANG_WARN__DUPLICATE_METHOD_MATCH = YES;
				"CODE_SIGN_IDENTITY[sdk=iphoneos*]" = "iPhone Developer";
				COPY_PHASE_STRIP = NO;
				DEBUG_INFORMATION_FORMAT = dwarf;
				ENABLE_STRICT_OBJC_MSGSEND = YES;
				ENABLE_TESTABILITY = YES;
				GCC_C_LANGUAGE_STANDARD = gnu99;
				GCC_DYNAMIC_NO_PIC = NO;
				GCC_NO_COMMON_BLOCKS = YES;
				GCC_OPTIMIZATION_LEVEL = 0;
				GCC_PREPROCESSOR_DEFINITIONS = (
					"DEBUG=1",
					"$(inherited)",
				);
				GCC_WARN_64_TO_32_BIT_CONVERSION = YES;
				GCC_WARN_ABOUT_RETURN_TYPE = YES_ERROR;
				GCC_WARN_UNDECLARED_SELECTOR = YES;
				GCC_WARN_UNINITIALIZED_AUTOS = YES_AGGRESSIVE;
				GCC_WARN_UNUSED_FUNCTION = YES;
				GCC_WARN_UNUSED_VARIABLE = YES;
				IPHONEOS_DEPLOYMENT_TARGET = 10.0;
				MTL_ENABLE_DEBUG_INFO = YES;
				ONLY_ACTIVE_ARCH = YES;
				SDKROOT = iphoneos;
				SWIFT_ACTIVE_COMPILATION_CONDITIONS = DEBUG;
				SWIFT_OPTIMIZATION_LEVEL = "-Onone";
				TARGETED_DEVICE_FAMILY = 2;
			};
			name = Debug;
		};
		9EB4F4C81D8E120500E81C74 /* Release */ = {
			isa = XCBuildConfiguration;
			buildSettings = {
				ALWAYS_SEARCH_USER_PATHS = NO;
				CLANG_ANALYZER_NONNULL = YES;
				CLANG_CXX_LANGUAGE_STANDARD = "gnu++0x";
				CLANG_CXX_LIBRARY = "libc++";
				CLANG_ENABLE_MODULES = YES;
				CLANG_ENABLE_OBJC_ARC = YES;
				CLANG_WARN_BOOL_CONVERSION = YES;
				CLANG_WARN_CONSTANT_CONVERSION = YES;
				CLANG_WARN_DIRECT_OBJC_ISA_USAGE = YES_ERROR;
				CLANG_WARN_DOCUMENTATION_COMMENTS = YES;
				CLANG_WARN_EMPTY_BODY = YES;
				CLANG_WARN_ENUM_CONVERSION = YES;
				CLANG_WARN_INFINITE_RECURSION = YES;
				CLANG_WARN_INT_CONVERSION = YES;
				CLANG_WARN_OBJC_ROOT_CLASS = YES_ERROR;
				CLANG_WARN_SUSPICIOUS_MOVE = YES;
				CLANG_WARN_SUSPICIOUS_MOVES = YES;
				CLANG_WARN_UNREACHABLE_CODE = YES;
				CLANG_WARN__DUPLICATE_METHOD_MATCH = YES;
				"CODE_SIGN_IDENTITY[sdk=iphoneos*]" = "iPhone Developer";
				COPY_PHASE_STRIP = NO;
				DEBUG_INFORMATION_FORMAT = "dwarf-with-dsym";
				ENABLE_NS_ASSERTIONS = NO;
				ENABLE_STRICT_OBJC_MSGSEND = YES;
				GCC_C_LANGUAGE_STANDARD = gnu99;
				GCC_NO_COMMON_BLOCKS = YES;
				GCC_WARN_64_TO_32_BIT_CONVERSION = YES;
				GCC_WARN_ABOUT_RETURN_TYPE = YES_ERROR;
				GCC_WARN_UNDECLARED_SELECTOR = YES;
				GCC_WARN_UNINITIALIZED_AUTOS = YES_AGGRESSIVE;
				GCC_WARN_UNUSED_FUNCTION = YES;
				GCC_WARN_UNUSED_VARIABLE = YES;
				IPHONEOS_DEPLOYMENT_TARGET = 10.0;
				MTL_ENABLE_DEBUG_INFO = NO;
				SDKROOT = iphoneos;
				SWIFT_OPTIMIZATION_LEVEL = "-Owholemodule";
				TARGETED_DEVICE_FAMILY = 2;
				VALIDATE_PRODUCT = YES;
			};
			name = Release;
		};
		9EB4F4CA1D8E120500E81C74 /* Debug */ = {
			isa = XCBuildConfiguration;
			buildSettings = {
				ASSETCATALOG_COMPILER_APPICON_NAME = AppIcon;
				DEVELOPMENT_TEAM = "";
				INFOPLIST_FILE = EnthusiasmsApp/Info.plist;
				LD_RUNPATH_SEARCH_PATHS = "$(inherited) @executable_path/Frameworks";
				PRODUCT_BUNDLE_IDENTIFIER = com.jolingenfelter.EnthusiasmsApp;
				PRODUCT_NAME = "$(TARGET_NAME)";
				SWIFT_VERSION = 3.0;
			};
			name = Debug;
		};
		9EB4F4CB1D8E120500E81C74 /* Release */ = {
			isa = XCBuildConfiguration;
			buildSettings = {
				ASSETCATALOG_COMPILER_APPICON_NAME = AppIcon;
				DEVELOPMENT_TEAM = "";
				INFOPLIST_FILE = EnthusiasmsApp/Info.plist;
				LD_RUNPATH_SEARCH_PATHS = "$(inherited) @executable_path/Frameworks";
				PRODUCT_BUNDLE_IDENTIFIER = com.jolingenfelter.EnthusiasmsApp;
				PRODUCT_NAME = "$(TARGET_NAME)";
				SWIFT_VERSION = 3.0;
			};
			name = Release;
		};
/* End XCBuildConfiguration section */

/* Begin XCConfigurationList section */
		9EB4F4B21D8E120500E81C74 /* Build configuration list for PBXProject "EnthusiasmsApp" */ = {
			isa = XCConfigurationList;
			buildConfigurations = (
				9EB4F4C71D8E120500E81C74 /* Debug */,
				9EB4F4C81D8E120500E81C74 /* Release */,
			);
			defaultConfigurationIsVisible = 0;
			defaultConfigurationName = Release;
		};
		9EB4F4C91D8E120500E81C74 /* Build configuration list for PBXNativeTarget "EnthusiasmsApp" */ = {
			isa = XCConfigurationList;
			buildConfigurations = (
				9EB4F4CA1D8E120500E81C74 /* Debug */,
				9EB4F4CB1D8E120500E81C74 /* Release */,
			);
			defaultConfigurationIsVisible = 0;
			defaultConfigurationName = Release;
		};
/* End XCConfigurationList section */

/* Begin XCVersionGroup section */
		9EB4F4CE1D8E131D00E81C74 /* DataModel.xcdatamodeld */ = {
			isa = XCVersionGroup;
			children = (
				9EB4F4CF1D8E131D00E81C74 /* DataModel.xcdatamodel */,
			);
			currentVersion = 9EB4F4CF1D8E131D00E81C74 /* DataModel.xcdatamodel */;
			path = DataModel.xcdatamodeld;
			sourceTree = "<group>";
			versionGroupType = wrapper.xcdatamodel;
		};
/* End XCVersionGroup section */
	};
	rootObject = 9EB4F4AF1D8E120500E81C74 /* Project object */;
}
